
Microsoft Visual Studio Solution File, Format Version 12.00
# Visual Studio Version 17
VisualStudioVersion = 17.12.35527.113 d17.12
MinimumVisualStudioVersion = 10.0.40219.1
Project("{FAE04EC0-301F-11D3-BF4B-00C04F79EFBC}") = "Hello SoftUni", "Hello SoftUni\Hello SoftUni.csproj", "{9ADDF580-6485-44C8-B749-B2D5E7BBA9FB}"
EndProject
Project("{FAE04EC0-301F-11D3-BF4B-00C04F79EFBC}") = "Nums 1To10", "Nums 1To10\Nums 1To10.csproj", "{53AE3CF6-E4C8-40E4-A796-952DFEC79EBF}"
EndProject
Project("{FAE04EC0-301F-11D3-BF4B-00C04F79EFBC}") = "Rectangle Area", "Rectangle Area\Rectangle Area.csproj", "{DF317B9B-02E1-42F3-8F78-871D44199603}"
EndProject
Project("{FAE04EC0-301F-11D3-BF4B-00C04F79EFBC}") = "InchesToCentimeters", "InchesToCentimeters\InchesToCentimeters.csproj", "{514A73DD-DC07-463B-AFAD-22EB4382F65B}"
EndProject
Project("{FAE04EC0-301F-11D3-BF4B-00C04F79EFBC}") = "GreetingByName", "GreetingByName\GreetingByName.csproj", "{86677258-6C6F-4F1C-9E8A-F4C8D0524A0B}"
EndProject
Project("{FAE04EC0-301F-11D3-BF4B-00C04F79EFBC}") = "ConcatenateData", "ConcatenateData\ConcatenateData.csproj", "{C3B34F48-417F-43EB-8368-845B56D27E53}"
EndProject
Project("{FAE04EC0-301F-11D3-BF4B-00C04F79EFBC}") = "ProjectsCreation", "ProjectsCreation\ProjectsCreation.csproj", "{21DDB339-FFB4-4252-914A-A9A26CD7F3AE}"
EndProject
Project("{FAE04EC0-301F-11D3-BF4B-00C04F79EFBC}") = "PetShop", "PetShop\PetShop.csproj", "{7B63183A-C14A-42CB-9222-F47B40BB922A}"
EndProject
Project("{FAE04EC0-301F-11D3-BF4B-00C04F79EFBC}") = "YardGreening", "YardGreening\YardGreening.csproj", "{7D30D2DE-55D5-4E15-A756-4032C7C3EF6E}"
EndProject
Global
	GlobalSection(SolutionConfigurationPlatforms) = preSolution
		Debug|Any CPU = Debug|Any CPU
		Release|Any CPU = Release|Any CPU
	EndGlobalSection
	GlobalSection(ProjectConfigurationPlatforms) = postSolution
		{9ADDF580-6485-44C8-B749-B2D5E7BBA9FB}.Debug|Any CPU.ActiveCfg = Debug|Any CPU
		{9ADDF580-6485-44C8-B749-B2D5E7BBA9FB}.Debug|Any CPU.Build.0 = Debug|Any CPU
		{9ADDF580-6485-44C8-B749-B2D5E7BBA9FB}.Release|Any CPU.ActiveCfg = Release|Any CPU
		{9ADDF580-6485-44C8-B749-B2D5E7BBA9FB}.Release|Any CPU.Build.0 = Release|Any CPU
		{53AE3CF6-E4C8-40E4-A796-952DFEC79EBF}.Debug|Any CPU.ActiveCfg = Debug|Any CPU
		{53AE3CF6-E4C8-40E4-A796-952DFEC79EBF}.Debug|Any CPU.Build.0 = Debug|Any CPU
		{53AE3CF6-E4C8-40E4-A796-952DFEC79EBF}.Release|Any CPU.ActiveCfg = Release|Any CPU
		{53AE3CF6-E4C8-40E4-A796-952DFEC79EBF}.Release|Any CPU.Build.0 = Release|Any CPU
		{DF317B9B-02E1-42F3-8F78-871D44199603}.Debug|Any CPU.ActiveCfg = Debug|Any CPU
		{DF317B9B-02E1-42F3-8F78-871D44199603}.Debug|Any CPU.Build.0 = Debug|Any CPU
		{DF317B9B-02E1-42F3-8F78-871D44199603}.Release|Any CPU.ActiveCfg = Release|Any CPU
		{DF317B9B-02E1-42F3-8F78-871D44199603}.Release|Any CPU.Build.0 = Release|Any CPU
		{514A73DD-DC07-463B-AFAD-22EB4382F65B}.Debug|Any CPU.ActiveCfg = Debug|Any CPU
		{514A73DD-DC07-463B-AFAD-22EB4382F65B}.Debug|Any CPU.Build.0 = Debug|Any CPU
		{514A73DD-DC07-463B-AFAD-22EB4382F65B}.Release|Any CPU.ActiveCfg = Release|Any CPU
		{514A73DD-DC07-463B-AFAD-22EB4382F65B}.Release|Any CPU.Build.0 = Release|Any CPU
		{86677258-6C6F-4F1C-9E8A-F4C8D0524A0B}.Debug|Any CPU.ActiveCfg = Debug|Any CPU
		{86677258-6C6F-4F1C-9E8A-F4C8D0524A0B}.Debug|Any CPU.Build.0 = Debug|Any CPU
		{86677258-6C6F-4F1C-9E8A-F4C8D0524A0B}.Release|Any CPU.ActiveCfg = Release|Any CPU
		{86677258-6C6F-4F1C-9E8A-F4C8D0524A0B}.Release|Any CPU.Build.0 = Release|Any CPU
		{C3B34F48-417F-43EB-8368-845B56D27E53}.Debug|Any CPU.ActiveCfg = Debug|Any CPU
		{C3B34F48-417F-43EB-8368-845B56D27E53}.Debug|Any CPU.Build.0 = Debug|Any CPU
		{C3B34F48-417F-43EB-8368-845B56D27E53}.Release|Any CPU.ActiveCfg = Release|Any CPU
		{C3B34F48-417F-43EB-8368-845B56D27E53}.Release|Any CPU.Build.0 = Release|Any CPU
		{21DDB339-FFB4-4252-914A-A9A26CD7F3AE}.Debug|Any CPU.ActiveCfg = Debug|Any CPU
		{21DDB339-FFB4-4252-914A-A9A26CD7F3AE}.Debug|Any CPU.Build.0 = Debug|Any CPU
		{21DDB339-FFB4-4252-914A-A9A26CD7F3AE}.Release|Any CPU.ActiveCfg = Release|Any CPU
		{21DDB339-FFB4-4252-914A-A9A26CD7F3AE}.Release|Any CPU.Build.0 = Release|Any CPU
		{7B63183A-C14A-42CB-9222-F47B40BB922A}.Debug|Any CPU.ActiveCfg = Debug|Any CPU
		{7B63183A-C14A-42CB-9222-F47B40BB922A}.Debug|Any CPU.Build.0 = Debug|Any CPU
		{7B63183A-C14A-42CB-9222-F47B40BB922A}.Release|Any CPU.ActiveCfg = Release|Any CPU
		{7B63183A-C14A-42CB-9222-F47B40BB922A}.Release|Any CPU.Build.0 = Release|Any CPU
		{7D30D2DE-55D5-4E15-A756-4032C7C3EF6E}.Debug|Any CPU.ActiveCfg = Debug|Any CPU
		{7D30D2DE-55D5-4E15-A756-4032C7C3EF6E}.Debug|Any CPU.Build.0 = Debug|Any CPU
		{7D30D2DE-55D5-4E15-A756-4032C7C3EF6E}.Release|Any CPU.ActiveCfg = Release|Any CPU
		{7D30D2DE-55D5-4E15-A756-4032C7C3EF6E}.Release|Any CPU.Build.0 = Release|Any CPU
	EndGlobalSection
	GlobalSection(SolutionProperties) = preSolution
		HideSolutionNode = FALSE
	EndGlobalSection
EndGlobal
